
Microsoft Visual Studio Solution File, Format Version 12.00
# Visual Studio Version 17
VisualStudioVersion = 17.5.33516.290
MinimumVisualStudioVersion = 10.0.40219.1
Project("{F184B08F-C81C-45F6-A57F-5ABD9991F28F}") = "Railway Reservation System", "Railway Reservation System\Railway Reservation System.vbproj", "{ED9D45E7-503E-4660-B8D3-AEB603272513}"
EndProject
Global
	GlobalSection(SolutionConfigurationPlatforms) = preSolution
		Debug|Any CPU = Debug|Any CPU
		Release|Any CPU = Release|Any CPU
	EndGlobalSection
	GlobalSection(ProjectConfigurationPlatforms) = postSolution
		{ED9D45E7-503E-4660-B8D3-AEB603272513}.Debug|Any CPU.ActiveCfg = Debug|Any CPU
		{ED9D45E7-503E-4660-B8D3-AEB603272513}.Debug|Any CPU.Build.0 = Debug|Any CPU
		{ED9D45E7-503E-4660-B8D3-AEB603272513}.Release|Any CPU.ActiveCfg = Release|Any CPU
		{ED9D45E7-503E-4660-B8D3-AEB603272513}.Release|Any CPU.Build.0 = Release|Any CPU
	EndGlobalSection
	GlobalSection(SolutionProperties) = preSolution
		HideSolutionNode = FALSE
	EndGlobalSection
	GlobalSection(ExtensibilityGlobals) = postSolution
		SolutionGuid = {0049015D-8E4B-4439-8AFF-C1DAB052836D}
	EndGlobalSection
EndGlobal
